
Microsoft Visual Studio Solution File, Format Version 12.00
# Visual Studio Version 17
VisualStudioVersion = 17.11.35327.3
MinimumVisualStudioVersion = 10.0.40219.1
Project("{FAE04EC0-301F-11D3-BF4B-00C04F79EFBC}") = "AdventOfCode-2024", "AdventOfCode-2024.csproj", "{2571C7FB-9779-45E9-8AB6-C97643A7478E}"
EndProject
Project("{FAE04EC0-301F-11D3-BF4B-00C04F79EFBC}") = "AdventOfCode-2024.Challenges", "..\AdventOfCode-2024.Challenges\AdventOfCode-2024.Challenges.csproj", "{6D35D6D2-4111-49C7-9815-2898A079A06F}"
EndProject
Project("{FAE04EC0-301F-11D3-BF4B-00C04F79EFBC}") = "AdventOfCode-2024.Test", "..\AdventOfCode-2024.Test\AdventOfCode-2024.Test.csproj", "{551D8350-52D9-4805-A81E-E609006E7221}"
EndProject
Global
	GlobalSection(SolutionConfigurationPlatforms) = preSolution
		Debug|Any CPU = Debug|Any CPU
		Release|Any CPU = Release|Any CPU
	EndGlobalSection
	GlobalSection(ProjectConfigurationPlatforms) = postSolution
		{2571C7FB-9779-45E9-8AB6-C97643A7478E}.Debug|Any CPU.ActiveCfg = Debug|Any CPU
		{2571C7FB-9779-45E9-8AB6-C97643A7478E}.Debug|Any CPU.Build.0 = Debug|Any CPU
		{2571C7FB-9779-45E9-8AB6-C97643A7478E}.Release|Any CPU.ActiveCfg = Release|Any CPU
		{2571C7FB-9779-45E9-8AB6-C97643A7478E}.Release|Any CPU.Build.0 = Release|Any CPU
		{6D35D6D2-4111-49C7-9815-2898A079A06F}.Debug|Any CPU.ActiveCfg = Debug|Any CPU
		{6D35D6D2-4111-49C7-9815-2898A079A06F}.Debug|Any CPU.Build.0 = Debug|Any CPU
		{6D35D6D2-4111-49C7-9815-2898A079A06F}.Release|Any CPU.ActiveCfg = Release|Any CPU
		{6D35D6D2-4111-49C7-9815-2898A079A06F}.Release|Any CPU.Build.0 = Release|Any CPU
		{551D8350-52D9-4805-A81E-E609006E7221}.Debug|Any CPU.ActiveCfg = Debug|Any CPU
		{551D8350-52D9-4805-A81E-E609006E7221}.Debug|Any CPU.Build.0 = Debug|Any CPU
		{551D8350-52D9-4805-A81E-E609006E7221}.Release|Any CPU.ActiveCfg = Release|Any CPU
		{551D8350-52D9-4805-A81E-E609006E7221}.Release|Any CPU.Build.0 = Release|Any CPU
	EndGlobalSection
	GlobalSection(SolutionProperties) = preSolution
		HideSolutionNode = FALSE
	EndGlobalSection
	GlobalSection(ExtensibilityGlobals) = postSolution
		SolutionGuid = {A5B2F769-941B-4AE7-9F0C-59B282DB0082}
	EndGlobalSection
EndGlobal
